# THIS IS AN AUTOGENERATED FILE. DO NOT EDIT THIS FILE DIRECTLY.
# yarn lockfile v1


"@babel/runtime@^7.5.5":
  version "7.13.10"
  resolved "https://registry.yarnpkg.com/@babel/runtime/-/runtime-7.13.10.tgz#47d42a57b6095f4468da440388fdbad8bebf0d7d"
  integrity sha512-4QPkjJq6Ns3V/RgpEahRk+AGfL0eO6RHHtTWoNNr5mO49G6B5+X6d6THgWEAvTrznU5xYpbAlVKRYcsCgh/Akw==
  dependencies:
    regenerator-runtime "^0.13.4"

"@nestjs/common@^7.4.2":
  version "7.6.15"
  resolved "https://registry.yarnpkg.com/@nestjs/common/-/common-7.6.15.tgz#ae96f18cb6209a21724ffa7ed1a182be1e4fd0af"
  integrity sha512-H/3Nk7M02Fc4YN9St05i34gZKVuzE54gd5eXAX6WwisqU5fQ00kss1pYGbltjb2QGu3A/fpO1MdYEwOA18Z/VQ==
  dependencies:
    axios "0.21.1"
    iterare "1.2.1"
    tslib "2.1.0"
    uuid "8.3.2"

"@nestjs/config@^0.5.0":
  version "0.5.0"
  resolved "https://registry.yarnpkg.com/@nestjs/config/-/config-0.5.0.tgz#ad1110d937ec26941b8fce5f575859046f8d7b4b"
  integrity sha512-8vgakV722qNt3YBHbvhfwcNRLlwOv37pr5/1RUn5mYMmUh7JKobVNqHgTRWEuJK4BK3dCrhnjxPMPvHOCaA4LQ==
  dependencies:
    dotenv "8.2.0"
    dotenv-expand "5.1.0"
    lodash.get "4.4.2"
    lodash.set "4.3.2"
    uuid "8.1.0"

"@nestjs/core@^7.4.2":
  version "7.6.15"
  resolved "https://registry.yarnpkg.com/@nestjs/core/-/core-7.6.15.tgz#dfcc5a7804c10d07f81dde514804b484b909d08a"
  integrity sha512-8CrL/iY5Gt4HJfyDg1PgPalhT7tVRT643f2mGMgPum/P/e94uuwEYBNIgsMEVOJUrOAWZkNIN60uEf8JkH6GWw==
  dependencies:
    "@nuxtjs/opencollective" "0.3.2"
    fast-safe-stringify "2.0.7"
    iterare "1.2.1"
    object-hash "2.1.1"
    path-to-regexp "3.2.0"
    tslib "2.1.0"
    uuid "8.3.2"

"@nuxtjs/opencollective@0.3.2":
  version "0.3.2"
  resolved "https://registry.yarnpkg.com/@nuxtjs/opencollective/-/opencollective-0.3.2.tgz#620ce1044f7ac77185e825e1936115bb38e2681c"
  integrity sha512-um0xL3fO7Mf4fDxcqx9KryrB7zgRM5JSlvGN5AGkP6JLM5XEKyjeAiPbNxdXVXQ16isuAhYpvP88NgL2BGd6aA==
  dependencies:
    chalk "^4.1.0"
    consola "^2.15.0"
    node-fetch "^2.6.1"

"@types/body-parser@*":
  version "1.19.0"
  resolved "https://registry.yarnpkg.com/@types/body-parser/-/body-parser-1.19.0.tgz#0685b3c47eb3006ffed117cdd55164b61f80538f"
  integrity sha512-W98JrE0j2K78swW4ukqMleo8R7h/pFETjM2DQ90MF6XK2i4LO4W3gQ71Lt4w3bfm2EvVSyWHplECvB5sK22yFQ==
  dependencies:
    "@types/connect" "*"
    "@types/node" "*"

"@types/connect@*":
  version "3.4.34"
  resolved "https://registry.yarnpkg.com/@types/connect/-/connect-3.4.34.tgz#170a40223a6d666006d93ca128af2beb1d9b1901"
  integrity sha512-ePPA/JuI+X0vb+gSWlPKOY0NdNAie/rPUqX2GUPpbZwiKTkSPhjXWuee47E4MtE54QVzGCQMQkAL6JhV2E1+cQ==
  dependencies:
    "@types/node" "*"

"@types/express-serve-static-core@^4.17.18":
  version "4.17.19"
  resolved "https://registry.yarnpkg.com/@types/express-serve-static-core/-/express-serve-static-core-4.17.19.tgz#00acfc1632e729acac4f1530e9e16f6dd1508a1d"
  integrity sha512-DJOSHzX7pCiSElWaGR8kCprwibCB/3yW6vcT8VG3P0SJjnv19gnWG/AZMfM60Xj/YJIp/YCaDHyvzsFVeniARA==
  dependencies:
    "@types/node" "*"
    "@types/qs" "*"
    "@types/range-parser" "*"

"@types/express@^4.17.11":
  version "4.17.11"
  resolved "https://registry.yarnpkg.com/@types/express/-/express-4.17.11.tgz#debe3caa6f8e5fcda96b47bd54e2f40c4ee59545"
  integrity sha512-no+R6rW60JEc59977wIxreQVsIEOAYwgCqldrA/vkpCnbD7MqTefO97lmoBe4WE0F156bC4uLSP1XHDOySnChg==
  dependencies:
    "@types/body-parser" "*"
    "@types/express-serve-static-core" "^4.17.18"
    "@types/qs" "*"
    "@types/serve-static" "*"

"@types/mime@^1":
  version "1.3.2"
  resolved "https://registry.yarnpkg.com/@types/mime/-/mime-1.3.2.tgz#93e25bf9ee75fe0fd80b594bc4feb0e862111b5a"
  integrity sha512-YATxVxgRqNH6nHEIsvg6k2Boc1JHI9ZbH5iWFFv/MTkchz3b1ieGDa5T0a9RznNdI0KhVbdbWSN+KWWrQZRxTw==

"@types/node@*":
  version "14.14.37"
  resolved "https://registry.yarnpkg.com/@types/node/-/node-14.14.37.tgz#a3dd8da4eb84a996c36e331df98d82abd76b516e"
  integrity sha512-XYmBiy+ohOR4Lh5jE379fV2IU+6Jn4g5qASinhitfyO71b/sCo6MKsMLF5tc7Zf2CE8hViVQyYSobJNke8OvUw==

"@types/qs@*":
  version "6.9.6"
  resolved "https://registry.yarnpkg.com/@types/qs/-/qs-6.9.6.tgz#df9c3c8b31a247ec315e6996566be3171df4b3b1"
  integrity sha512-0/HnwIfW4ki2D8L8c9GVcG5I72s9jP5GSLVF0VIXDW00kmIpA6O33G7a8n59Tmh7Nz0WUC3rSb7PTY/sdW2JzA==

"@types/range-parser@*":
  version "1.2.3"
  resolved "https://registry.yarnpkg.com/@types/range-parser/-/range-parser-1.2.3.tgz#7ee330ba7caafb98090bece86a5ee44115904c2c"
  integrity sha512-ewFXqrQHlFsgc09MK5jP5iR7vumV/BYayNC6PgJO2LPe8vrnNFyjQjSppfEngITi0qvfKtzFvgKymGheFM9UOA==

"@types/serve-static@*":
  version "1.13.9"
  resolved "https://registry.yarnpkg.com/@types/serve-static/-/serve-static-1.13.9.tgz#aacf28a85a05ee29a11fb7c3ead935ac56f33e4e"
  integrity sha512-ZFqF6qa48XsPdjXV5Gsz0Zqmux2PerNd3a/ktL45mHpa19cuMi/cL8tcxdAx497yRh+QtYPuofjT9oWw9P7nkA==
  dependencies:
    "@types/mime" "^1"
    "@types/node" "*"

ansi-styles@^4.1.0:
  version "4.3.0"
  resolved "https://registry.yarnpkg.com/ansi-styles/-/ansi-styles-4.3.0.tgz#edd803628ae71c04c85ae7a0906edad34b648937"
  integrity sha512-zbB9rCJAT1rbjiVDb2hqKFHNYLxgtk8NURxZ3IZwD3F6NtxbXZQCnnSi1Lkx+IDohdPlFp222wVALIheZJQSEg==
  dependencies:
    color-convert "^2.0.1"

arg@^4.1.0:
  version "4.1.3"
  resolved "https://registry.yarnpkg.com/arg/-/arg-4.1.3.tgz#269fc7ad5b8e42cb63c896d5666017261c144089"
  integrity sha512-58S9QDqG0Xx27YwPSt9fJxivjYl432YCwfDMfZ+71RAqUrZef7LrKQZ3LHLOwCS4FLNBplP533Zx895SeOCHvA==

axios@0.21.1:
  version "0.21.1"
  resolved "https://registry.yarnpkg.com/axios/-/axios-0.21.1.tgz#22563481962f4d6bde9a76d516ef0e5d3c09b2b8"
  integrity sha512-dKQiRHxGD9PPRIUNIWvZhPTPpl1rf/OxTYKsqKUDjBwYylTvV7SjSHJb9ratfyzM6wCdLCOYLzs73qpg5c4iGA==
  dependencies:
    follow-redirects "^1.10.0"

buffer-from@^1.0.0:
  version "1.1.1"
  resolved "https://registry.yarnpkg.com/buffer-from/-/buffer-from-1.1.1.tgz#32713bc028f75c02fdb710d7c7bcec1f2c6070ef"
  integrity sha512-MQcXEUbCKtEo7bhqEs6560Hyd4XaovZlO/k9V3hjVUF/zwW7KBVdSK4gIt/bzwS9MbR5qob+F5jusZsb0YQK2A==

chalk@^4.1.0:
  version "4.1.0"
  resolved "https://registry.yarnpkg.com/chalk/-/chalk-4.1.0.tgz#4e14870a618d9e2edd97dd8345fd9d9dc315646a"
  integrity sha512-qwx12AxXe2Q5xQ43Ac//I6v5aXTipYrSESdOgzrN+9XjgEpyjpKuvSGaN4qE93f7TQTlerQQ8S+EQ0EyDoVL1A==
  dependencies:
    ansi-styles "^4.1.0"
    supports-color "^7.1.0"

color-convert@^2.0.1:
  version "2.0.1"
  resolved "https://registry.yarnpkg.com/color-convert/-/color-convert-2.0.1.tgz#72d3a68d598c9bdb3af2ad1e84f21d896abd4de3"
  integrity sha512-RRECPsj7iu/xb5oKYcsFHSppFNnsj/52OVTRKb4zP5onXwVF3zVmmToNcOfGC+CRDpfK/U584fMg38ZHCaElKQ==
  dependencies:
    color-name "~1.1.4"

color-name@~1.1.4:
  version "1.1.4"
  resolved "https://registry.yarnpkg.com/color-name/-/color-name-1.1.4.tgz#c2a09a87acbde69543de6f63fa3995c826c536a2"
  integrity sha512-dOy+3AuW3a2wNbZHIuMZpTcgjGuLU/uBL/ubcZF9OXbDo8ff4O8yVp5Bf0efS8uEoYo5q4Fx7dY9OgQGXgAsQA==

consola@^2.15.0:
  version "2.15.3"
  resolved "https://registry.yarnpkg.com/consola/-/consola-2.15.3.tgz#2e11f98d6a4be71ff72e0bdf07bd23e12cb61550"
  integrity sha512-9vAdYbHj6x2fLKC4+oPH0kFzY/orMZyG2Aj+kNylHxKGJ/Ed4dpNyAQYwJOdqO4zdM7XpVHmyejQDcQHrnuXbw==

diff@^4.0.1:
  version "4.0.2"
  resolved "https://registry.yarnpkg.com/diff/-/diff-4.0.2.tgz#60f3aecb89d5fae520c11aa19efc2bb982aade7d"
  integrity sha512-58lmxKSA4BNyLz+HHMUzlOEpg09FV+ev6ZMe3vJihgdxzgcwZ8VoEEPmALCZG9LmqfVoNMMKpttIYTVG6uDY7A==

dotenv-expand@5.1.0:
  version "5.1.0"
  resolved "https://registry.yarnpkg.com/dotenv-expand/-/dotenv-expand-5.1.0.tgz#3fbaf020bfd794884072ea26b1e9791d45a629f0"
  integrity sha512-YXQl1DSa4/PQyRfgrv6aoNjhasp/p4qs9FjJ4q4cQk+8m4r6k4ZSiEyytKG8f8W9gi8WsQtIObNmKd+tMzNTmA==

dotenv@8.2.0:
  version "8.2.0"
  resolved "https://registry.yarnpkg.com/dotenv/-/dotenv-8.2.0.tgz#97e619259ada750eea3e4ea3e26bceea5424b16a"
  integrity sha512-8sJ78ElpbDJBHNeBzUbUVLsqKdccaa/BXF1uPTw3GrvQTBgrQrtObr2mUrE38vzYd8cEv+m/JBfDLioYcfXoaw==

fast-safe-stringify@2.0.7:
  version "2.0.7"
  resolved "https://registry.yarnpkg.com/fast-safe-stringify/-/fast-safe-stringify-2.0.7.tgz#124aa885899261f68aedb42a7c080de9da608743"
  integrity sha512-Utm6CdzT+6xsDk2m8S6uL8VHxNwI6Jub+e9NYTcAms28T84pTa25GJQV9j0CY0N1rM8hK4x6grpF2BQf+2qwVA==

follow-redirects@^1.10.0:
  version "1.13.3"
  resolved "https://registry.yarnpkg.com/follow-redirects/-/follow-redirects-1.13.3.tgz#e5598ad50174c1bc4e872301e82ac2cd97f90267"
  integrity sha512-DUgl6+HDzB0iEptNQEXLx/KhTmDb8tZUHSeLqpnjpknR70H0nC2t9N73BK6fN4hOvJ84pKlIQVQ4k5FFlBedKA==

has-flag@^4.0.0:
  version "4.0.0"
  resolved "https://registry.yarnpkg.com/has-flag/-/has-flag-4.0.0.tgz#944771fd9c81c81265c4d6941860da06bb59479b"
  integrity sha512-EykJT/Q1KjTWctppgIAgfSO0tKVuZUjhgMr17kqTumMl6Afv3EISleU7qZUzoXDFTAHTDC4NOoG/ZxU3EvlMPQ==

iterare@1.2.1:
  version "1.2.1"
  resolved "https://registry.yarnpkg.com/iterare/-/iterare-1.2.1.tgz#139c400ff7363690e33abffa33cbba8920f00042"
  integrity sha512-RKYVTCjAnRthyJes037NX/IiqeidgN1xc3j1RjFfECFp28A1GVwK9nA+i0rJPaHqSZwygLzRnFlzUuHFoWWy+Q==

lodash.get@4.4.2:
  version "4.4.2"
  resolved "https://registry.yarnpkg.com/lodash.get/-/lodash.get-4.4.2.tgz#2d177f652fa31e939b4438d5341499dfa3825e99"
  integrity sha1-LRd/ZS+jHpObRDjVNBSZ36OCXpk=

lodash.set@4.3.2:
  version "4.3.2"
  resolved "https://registry.yarnpkg.com/lodash.set/-/lodash.set-4.3.2.tgz#d8757b1da807dde24816b0d6a84bea1a76230b23"
  integrity sha1-2HV7HagH3eJIFrDWqEvqGnYjCyM=

make-error@^1.1.1:
  version "1.3.6"
  resolved "https://registry.yarnpkg.com/make-error/-/make-error-1.3.6.tgz#2eb2e37ea9b67c4891f684a1394799af484cf7a2"
  integrity sha512-s8UhlNe7vPKomQhC1qFelMokr/Sc3AgNbso3n74mVPA5LTZwkB9NlXf4XPamLxJE8h0gh73rM94xvwRT2CVInw==

neo4j-driver@^4.1.0:
  version "4.2.3"
  resolved "https://registry.yarnpkg.com/neo4j-driver/-/neo4j-driver-4.2.3.tgz#238c98cef329ff0fb11f9884360c4ff4650b2409"
  integrity sha512-HCJ7+J5V/5yhP+b6G2zTb7SKlAN/oLYaMkD8Bo8L9veScDtgDHBlbkbYEHf1YSAd67OfjZKeF9l84J8Kjdw91g==
  dependencies:
    "@babel/runtime" "^7.5.5"
    rxjs "^6.6.3"
    text-encoding-utf-8 "^1.0.2"
    uri-js "^4.4.0"

node-fetch@^2.6.1:
  version "2.6.1"
  resolved "https://registry.yarnpkg.com/node-fetch/-/node-fetch-2.6.1.tgz#045bd323631f76ed2e2b55573394416b639a0052"
  integrity sha512-V4aYg89jEoVRxRb2fJdAg8FHvI7cEyYdVAh94HH0UIK8oJxUfkjlDQN9RbMx+bEjP7+ggMiFRprSti032Oipxw==

object-hash@2.1.1:
  version "2.1.1"
  resolved "https://registry.yarnpkg.com/object-hash/-/object-hash-2.1.1.tgz#9447d0279b4fcf80cff3259bf66a1dc73afabe09"
  integrity sha512-VOJmgmS+7wvXf8CjbQmimtCnEx3IAoLxI3fp2fbWehxrWBcAQFbk+vcwb6vzR0VZv/eNCJ/27j151ZTwqW/JeQ==

path-to-regexp@3.2.0:
  version "3.2.0"
  resolved "https://registry.yarnpkg.com/path-to-regexp/-/path-to-regexp-3.2.0.tgz#fa7877ecbc495c601907562222453c43cc204a5f"
  integrity sha512-jczvQbCUS7XmS7o+y1aEO9OBVFeZBQ1MDSEqmO7xSoPgOPoowY/SxLpZ6Vh97/8qHZOteiCKb7gkG9gA2ZUxJA==

punycode@^2.1.0:
  version "2.1.1"
  resolved "https://registry.yarnpkg.com/punycode/-/punycode-2.1.1.tgz#b58b010ac40c22c5657616c8d2c2c02c7bf479ec"
  integrity sha512-XRsRjdf+j5ml+y/6GKHPZbrF/8p2Yga0JPtdqTIY2Xe5ohJPD9saDJJLPvp9+NSBprVvevdXZybnj2cv8OEd0A==

reflect-metadata@^0.1.13:
  version "0.1.13"
  resolved "https://registry.yarnpkg.com/reflect-metadata/-/reflect-metadata-0.1.13.tgz#67ae3ca57c972a2aa1642b10fe363fe32d49dc08"
  integrity sha512-Ts1Y/anZELhSsjMcU605fU9RE4Oi3p5ORujwbIKXfWa+0Zxs510Qrmrce5/Jowq3cHSZSJqBjypxmHarc+vEWg==

regenerator-runtime@^0.13.4:
  version "0.13.7"
  resolved "https://registry.yarnpkg.com/regenerator-runtime/-/regenerator-runtime-0.13.7.tgz#cac2dacc8a1ea675feaabaeb8ae833898ae46f55"
  integrity sha512-a54FxoJDIr27pgf7IgeQGxmqUNYrcV338lf/6gH456HZ/PhX+5BcwHXG9ajESmwe6WRO0tAzRUrRmNONWgkrew==

rxjs@^6.6.3:
  version "6.6.7"
  resolved "https://registry.yarnpkg.com/rxjs/-/rxjs-6.6.7.tgz#90ac018acabf491bf65044235d5863c4dab804c9"
  integrity sha512-hTdwr+7yYNIT5n4AMYp85KA6yw2Va0FLa3Rguvbpa4W3I5xynaBZo41cM3XM+4Q6fRMj3sBYIR1VAmZMXYJvRQ==
  dependencies:
    tslib "^1.9.0"

source-map-support@^0.5.17:
  version "0.5.19"
  resolved "https://registry.yarnpkg.com/source-map-support/-/source-map-support-0.5.19.tgz#a98b62f86dcaf4f67399648c085291ab9e8fed61"
  integrity sha512-Wonm7zOCIJzBGQdB+thsPar0kYuCIzYvxZwlBa87yi/Mdjv7Tip2cyVbLj5o0cFPN4EVkuTwb3GDDyUx2DGnGw==
  dependencies:
    buffer-from "^1.0.0"
    source-map "^0.6.0"

source-map@^0.6.0:
  version "0.6.1"
  resolved "https://registry.yarnpkg.com/source-map/-/source-map-0.6.1.tgz#74722af32e9614e9c287a8d0bbde48b5e2f1a263"
  integrity sha512-UjgapumWlbMhkBgzT7Ykc5YXUT46F0iKu8SGXq0bcwP5dz/h0Plj6enJqjz1Zbq2l5WaqYnrVbwWOWMyF3F47g==

supports-color@^7.1.0:
  version "7.2.0"
  resolved "https://registry.yarnpkg.com/supports-color/-/supports-color-7.2.0.tgz#1b7dcdcb32b8138801b3e478ba6a51caa89648da"
  integrity sha512-qpCAvRl9stuOHveKsn7HncJRvv501qIacKzQlO/+Lwxc9+0q2wLyv4Dfvt80/DPn2pqOBsJdDiogXGR9+OvwRw==
  dependencies:
    has-flag "^4.0.0"

text-encoding-utf-8@^1.0.2:
  version "1.0.2"
  resolved "https://registry.yarnpkg.com/text-encoding-utf-8/-/text-encoding-utf-8-1.0.2.tgz#585b62197b0ae437e3c7b5d0af27ac1021e10d13"
  integrity sha512-8bw4MY9WjdsD2aMtO0OzOCY3pXGYNx2d2FfHRVUKkiCPDWjKuOlhLVASS+pD7VkLTVjW268LYJHwsnPFlBpbAg==

ts-node@^8.10.2:
  version "8.10.2"
  resolved "https://registry.yarnpkg.com/ts-node/-/ts-node-8.10.2.tgz#eee03764633b1234ddd37f8db9ec10b75ec7fb8d"
  integrity sha512-ISJJGgkIpDdBhWVu3jufsWpK3Rzo7bdiIXJjQc0ynKxVOVcg2oIrf2H2cejminGrptVc6q6/uynAHNCuWGbpVA==
  dependencies:
    arg "^4.1.0"
    diff "^4.0.1"
    make-error "^1.1.1"
    source-map-support "^0.5.17"
    yn "3.1.1"

tslib@2.1.0:
  version "2.1.0"
  resolved "https://registry.yarnpkg.com/tslib/-/tslib-2.1.0.tgz#da60860f1c2ecaa5703ab7d39bc05b6bf988b97a"
  integrity sha512-hcVC3wYEziELGGmEEXue7D75zbwIIVUMWAVbHItGPx0ziyXxrOMQx4rQEVEV45Ut/1IotuEvwqPopzIOkDMf0A==

tslib@^1.9.0:
  version "1.14.1"
  resolved "https://registry.yarnpkg.com/tslib/-/tslib-1.14.1.tgz#cf2d38bdc34a134bcaf1091c41f6619e2f672d00"
  integrity sha512-Xni35NKzjgMrwevysHTCArtLDpPvye8zV/0E4EyYn43P7/7qvQwPh9BGkHewbMulVntbigmcT7rdX3BNo9wRJg==

typescript@^3.9.5:
  version "3.9.9"
  resolved "https://registry.yarnpkg.com/typescript/-/typescript-3.9.9.tgz#e69905c54bc0681d0518bd4d587cc6f2d0b1a674"
  integrity sha512-kdMjTiekY+z/ubJCATUPlRDl39vXYiMV9iyeMuEuXZh2we6zz80uovNN2WlAxmmdE/Z/YQe+EbOEXB5RHEED3w==

uri-js@^4.4.0:
  version "4.4.1"
  resolved "https://registry.yarnpkg.com/uri-js/-/uri-js-4.4.1.tgz#9b1a52595225859e55f669d928f88c6c57f2a77e"
  integrity sha512-7rKUyy33Q1yc98pQ1DAmLtwX109F7TIfWlW1Ydo8Wl1ii1SeHieeh0HHfPeL2fMXK6z0s8ecKs9frCuLJvndBg==
  dependencies:
    punycode "^2.1.0"

uuid@8.1.0:
  version "8.1.0"
  resolved "https://registry.yarnpkg.com/uuid/-/uuid-8.1.0.tgz#6f1536eb43249f473abc6bd58ff983da1ca30d8d"
  integrity sha512-CI18flHDznR0lq54xBycOVmphdCYnQLKn8abKn7PXUiKUGdEd+/l9LWNJmugXel4hXq7S+RMNl34ecyC9TntWg==

uuid@8.3.2:
  version "8.3.2"
  resolved "https://registry.yarnpkg.com/uuid/-/uuid-8.3.2.tgz#80d5b5ced271bb9af6c445f21a1a04c606cefbe2"
  integrity sha512-+NYs2QeMWy+GWFOEm9xnn6HCDp0l7QBD7ml8zLUmJ+93Q5NF0NocErnwkTkXVFNiX3/fpC6afS8Dhb/gz7R7eg==

yn@3.1.1:
  version "3.1.1"
  resolved "https://registry.yarnpkg.com/yn/-/yn-3.1.1.tgz#1e87401a09d767c1d5eab26a6e4c185182d2eb50"
  integrity sha512-Ux4ygGWsu2c7isFWe8Yu1YluJmqVhxqK2cLXNQA5AcC3QfbGNpM7fu0Y8b/z16pXLnFxZYvWhd3fhBY9DLmC6Q==
